// !$*UTF8*$!
{
	archiveVersion = 1;
	classes = {
	};
	objectVersion = 46;
	objects = {

/* Begin PBXBuildFile section */
		83221F5B1E4D227000308C81 /* AppDelegate.swift in Sources */ = {isa = PBXBuildFile; fileRef = 83221F5A1E4D227000308C81 /* AppDelegate.swift */; };
		83221F5D1E4D227000308C81 /* EditorViewController.swift in Sources */ = {isa = PBXBuildFile; fileRef = 83221F5C1E4D227000308C81 /* EditorViewController.swift */; };
		83221F601E4D227000308C81 /* Main.storyboard in Resources */ = {isa = PBXBuildFile; fileRef = 83221F5E1E4D227000308C81 /* Main.storyboard */; };
		83221F621E4D227000308C81 /* Assets.xcassets in Resources */ = {isa = PBXBuildFile; fileRef = 83221F611E4D227000308C81 /* Assets.xcassets */; };
		83221F651E4D227000308C81 /* LaunchScreen.storyboard in Resources */ = {isa = PBXBuildFile; fileRef = 83221F631E4D227000308C81 /* LaunchScreen.storyboard */; };
		83221F701E4D227000308C81 /* BitBunkerTests.swift in Sources */ = {isa = PBXBuildFile; fileRef = 83221F6F1E4D227000308C81 /* BitBunkerTests.swift */; };
		83221F7B1E4D227000308C81 /* BitBunkerUITests.swift in Sources */ = {isa = PBXBuildFile; fileRef = 83221F7A1E4D227000308C81 /* BitBunkerUITests.swift */; };
		83221F891E4D256400308C81 /* BitAPI.swift in Sources */ = {isa = PBXBuildFile; fileRef = 83221F881E4D256400308C81 /* BitAPI.swift */; };
		83BA5FCA1E78BDB300C364E3 /* VaultListViewController.swift in Sources */ = {isa = PBXBuildFile; fileRef = 83BA5FC91E78BDB300C364E3 /* VaultListViewController.swift */; };
		83BA5FCC1E78C5FC00C364E3 /* VaultListCollectionViewCell.swift in Sources */ = {isa = PBXBuildFile; fileRef = 83BA5FCB1E78C5FC00C364E3 /* VaultListCollectionViewCell.swift */; };
		83BA5FCE1E78EABA00C364E3 /* KeyboardManager.swift in Sources */ = {isa = PBXBuildFile; fileRef = 83BA5FCD1E78EAB900C364E3 /* KeyboardManager.swift */; };
		83C1DDFA1E7770E30010BE3A /* String+AES.swift in Sources */ = {isa = PBXBuildFile; fileRef = 83C1DDF91E7770E30010BE3A /* String+AES.swift */; };
		84D34121E096C5005C4F5361 /* Pods_BitBunker.framework in Frameworks */ = {isa = PBXBuildFile; fileRef = 2DC1959E776BDFA4F03115C2 /* Pods_BitBunker.framework */; };
		DF8741413F5A56C753323AD8 /* Pods_BitBunkerTests.framework in Frameworks */ = {isa = PBXBuildFile; fileRef = 18F36A4881F2DF67B42E7995 /* Pods_BitBunkerTests.framework */; };
		FB1DB70BE7DDBA6084DBA46B /* Pods_BitBunkerUITests.framework in Frameworks */ = {isa = PBXBuildFile; fileRef = 4BF3CCBD4788C1D28D58DC2E /* Pods_BitBunkerUITests.framework */; };
/* End PBXBuildFile section */

/* Begin PBXContainerItemProxy section */
		83221F6C1E4D227000308C81 /* PBXContainerItemProxy */ = {
			isa = PBXContainerItemProxy;
			containerPortal = 83221F4F1E4D226F00308C81 /* Project object */;
			proxyType = 1;
			remoteGlobalIDString = 83221F561E4D226F00308C81;
			remoteInfo = BitBunker;
		};
		83221F771E4D227000308C81 /* PBXContainerItemProxy */ = {
			isa = PBXContainerItemProxy;
			containerPortal = 83221F4F1E4D226F00308C81 /* Project object */;
			proxyType = 1;
			remoteGlobalIDString = 83221F561E4D226F00308C81;
			remoteInfo = BitBunker;
		};
/* End PBXContainerItemProxy section */

/* Begin PBXFileReference section */
		183EF46CE1A4048A29B2BB9A /* Pods-BitBunkerUITests.debug.xcconfig */ = {isa = PBXFileReference; includeInIndex = 1; lastKnownFileType = text.xcconfig; name = "Pods-BitBunkerUITests.debug.xcconfig"; path = "Pods/Target Support Files/Pods-BitBunkerUITests/Pods-BitBunkerUITests.debug.xcconfig"; sourceTree = "<group>"; };
		18F36A4881F2DF67B42E7995 /* Pods_BitBunkerTests.framework */ = {isa = PBXFileReference; explicitFileType = wrapper.framework; includeInIndex = 0; path = Pods_BitBunkerTests.framework; sourceTree = BUILT_PRODUCTS_DIR; };
		1A550FA852086F6E8E806C51 /* Pods-BitBunkerTests.release.xcconfig */ = {isa = PBXFileReference; includeInIndex = 1; lastKnownFileType = text.xcconfig; name = "Pods-BitBunkerTests.release.xcconfig"; path = "Pods/Target Support Files/Pods-BitBunkerTests/Pods-BitBunkerTests.release.xcconfig"; sourceTree = "<group>"; };
		2DC1959E776BDFA4F03115C2 /* Pods_BitBunker.framework */ = {isa = PBXFileReference; explicitFileType = wrapper.framework; includeInIndex = 0; path = Pods_BitBunker.framework; sourceTree = BUILT_PRODUCTS_DIR; };
		3D28B9B41F99E0A2BCEB8674 /* Pods-BitBunkerTests.debug.xcconfig */ = {isa = PBXFileReference; includeInIndex = 1; lastKnownFileType = text.xcconfig; name = "Pods-BitBunkerTests.debug.xcconfig"; path = "Pods/Target Support Files/Pods-BitBunkerTests/Pods-BitBunkerTests.debug.xcconfig"; sourceTree = "<group>"; };
		4BF3CCBD4788C1D28D58DC2E /* Pods_BitBunkerUITests.framework */ = {isa = PBXFileReference; explicitFileType = wrapper.framework; includeInIndex = 0; path = Pods_BitBunkerUITests.framework; sourceTree = BUILT_PRODUCTS_DIR; };
		4E9A3336AA16AF9158076C4F /* Pods-BitBunkerUITests.release.xcconfig */ = {isa = PBXFileReference; includeInIndex = 1; lastKnownFileType = text.xcconfig; name = "Pods-BitBunkerUITests.release.xcconfig"; path = "Pods/Target Support Files/Pods-BitBunkerUITests/Pods-BitBunkerUITests.release.xcconfig"; sourceTree = "<group>"; };
		7B61DEBD2DC3FBCCCBA6463A /* Pods-BitBunker.debug.xcconfig */ = {isa = PBXFileReference; includeInIndex = 1; lastKnownFileType = text.xcconfig; name = "Pods-BitBunker.debug.xcconfig"; path = "Pods/Target Support Files/Pods-BitBunker/Pods-BitBunker.debug.xcconfig"; sourceTree = "<group>"; };
		83221F571E4D227000308C81 /* BitBunker.app */ = {isa = PBXFileReference; explicitFileType = wrapper.application; includeInIndex = 0; path = BitBunker.app; sourceTree = BUILT_PRODUCTS_DIR; };
		83221F5A1E4D227000308C81 /* AppDelegate.swift */ = {isa = PBXFileReference; lastKnownFileType = sourcecode.swift; path = AppDelegate.swift; sourceTree = "<group>"; };
		83221F5C1E4D227000308C81 /* EditorViewController.swift */ = {isa = PBXFileReference; lastKnownFileType = sourcecode.swift; path = EditorViewController.swift; sourceTree = "<group>"; };
		83221F5F1E4D227000308C81 /* Base */ = {isa = PBXFileReference; lastKnownFileType = file.storyboard; name = Base; path = Base.lproj/Main.storyboard; sourceTree = "<group>"; };
		83221F611E4D227000308C81 /* Assets.xcassets */ = {isa = PBXFileReference; lastKnownFileType = folder.assetcatalog; path = Assets.xcassets; sourceTree = "<group>"; };
		83221F641E4D227000308C81 /* Base */ = {isa = PBXFileReference; lastKnownFileType = file.storyboard; name = Base; path = Base.lproj/LaunchScreen.storyboard; sourceTree = "<group>"; };
		83221F661E4D227000308C81 /* Info.plist */ = {isa = PBXFileReference; lastKnownFileType = text.plist.xml; path = Info.plist; sourceTree = "<group>"; };
		83221F6B1E4D227000308C81 /* BitBunkerTests.xctest */ = {isa = PBXFileReference; explicitFileType = wrapper.cfbundle; includeInIndex = 0; path = BitBunkerTests.xctest; sourceTree = BUILT_PRODUCTS_DIR; };
		83221F6F1E4D227000308C81 /* BitBunkerTests.swift */ = {isa = PBXFileReference; lastKnownFileType = sourcecode.swift; path = BitBunkerTests.swift; sourceTree = "<group>"; };
		83221F711E4D227000308C81 /* Info.plist */ = {isa = PBXFileReference; lastKnownFileType = text.plist.xml; path = Info.plist; sourceTree = "<group>"; };
		83221F761E4D227000308C81 /* BitBunkerUITests.xctest */ = {isa = PBXFileReference; explicitFileType = wrapper.cfbundle; includeInIndex = 0; path = BitBunkerUITests.xctest; sourceTree = BUILT_PRODUCTS_DIR; };
		83221F7A1E4D227000308C81 /* BitBunkerUITests.swift */ = {isa = PBXFileReference; lastKnownFileType = sourcecode.swift; path = BitBunkerUITests.swift; sourceTree = "<group>"; };
		83221F7C1E4D227000308C81 /* Info.plist */ = {isa = PBXFileReference; lastKnownFileType = text.plist.xml; path = Info.plist; sourceTree = "<group>"; };
		83221F881E4D256400308C81 /* BitAPI.swift */ = {isa = PBXFileReference; fileEncoding = 4; lastKnownFileType = sourcecode.swift; path = BitAPI.swift; sourceTree = "<group>"; };
		83BA5FC91E78BDB300C364E3 /* VaultListViewController.swift */ = {isa = PBXFileReference; fileEncoding = 4; lastKnownFileType = sourcecode.swift; path = VaultListViewController.swift; sourceTree = "<group>"; };
		83BA5FCB1E78C5FC00C364E3 /* VaultListCollectionViewCell.swift */ = {isa = PBXFileReference; fileEncoding = 4; lastKnownFileType = sourcecode.swift; path = VaultListCollectionViewCell.swift; sourceTree = "<group>"; };
		83BA5FCD1E78EAB900C364E3 /* KeyboardManager.swift */ = {isa = PBXFileReference; fileEncoding = 4; lastKnownFileType = sourcecode.swift; path = KeyboardManager.swift; sourceTree = "<group>"; };
		83C1DDF91E7770E30010BE3A /* String+AES.swift */ = {isa = PBXFileReference; fileEncoding = 4; lastKnownFileType = sourcecode.swift; path = "String+AES.swift"; sourceTree = "<group>"; };
		A5F68A1759985FA6E3337250 /* Pods-BitBunker.release.xcconfig */ = {isa = PBXFileReference; includeInIndex = 1; lastKnownFileType = text.xcconfig; name = "Pods-BitBunker.release.xcconfig"; path = "Pods/Target Support Files/Pods-BitBunker/Pods-BitBunker.release.xcconfig"; sourceTree = "<group>"; };
/* End PBXFileReference section */

/* Begin PBXFrameworksBuildPhase section */
		83221F541E4D226F00308C81 /* Frameworks */ = {
			isa = PBXFrameworksBuildPhase;
			buildActionMask = 2147483647;
			files = (
				84D34121E096C5005C4F5361 /* Pods_BitBunker.framework in Frameworks */,
			);
			runOnlyForDeploymentPostprocessing = 0;
		};
		83221F681E4D227000308C81 /* Frameworks */ = {
			isa = PBXFrameworksBuildPhase;
			buildActionMask = 2147483647;
			files = (
				DF8741413F5A56C753323AD8 /* Pods_BitBunkerTests.framework in Frameworks */,
			);
			runOnlyForDeploymentPostprocessing = 0;
		};
		83221F731E4D227000308C81 /* Frameworks */ = {
			isa = PBXFrameworksBuildPhase;
			buildActionMask = 2147483647;
			files = (
				FB1DB70BE7DDBA6084DBA46B /* Pods_BitBunkerUITests.framework in Frameworks */,
			);
			runOnlyForDeploymentPostprocessing = 0;
		};
/* End PBXFrameworksBuildPhase section */

/* Begin PBXGroup section */
		04E8423F4CD53C9AE9DEB7D9 /* Pods */ = {
			isa = PBXGroup;
			children = (
				7B61DEBD2DC3FBCCCBA6463A /* Pods-BitBunker.debug.xcconfig */,
				A5F68A1759985FA6E3337250 /* Pods-BitBunker.release.xcconfig */,
				3D28B9B41F99E0A2BCEB8674 /* Pods-BitBunkerTests.debug.xcconfig */,
				1A550FA852086F6E8E806C51 /* Pods-BitBunkerTests.release.xcconfig */,
				183EF46CE1A4048A29B2BB9A /* Pods-BitBunkerUITests.debug.xcconfig */,
				4E9A3336AA16AF9158076C4F /* Pods-BitBunkerUITests.release.xcconfig */,
			);
			name = Pods;
			sourceTree = "<group>";
		};
		83221F4E1E4D226F00308C81 = {
			isa = PBXGroup;
			children = (
				83221F591E4D227000308C81 /* BitBunker */,
				83221F6E1E4D227000308C81 /* BitBunkerTests */,
				83221F791E4D227000308C81 /* BitBunkerUITests */,
				83221F581E4D227000308C81 /* Products */,
				04E8423F4CD53C9AE9DEB7D9 /* Pods */,
				EF2736F5EC7808552D3E52AB /* Frameworks */,
			);
			sourceTree = "<group>";
		};
		83221F581E4D227000308C81 /* Products */ = {
			isa = PBXGroup;
			children = (
				83221F571E4D227000308C81 /* BitBunker.app */,
				83221F6B1E4D227000308C81 /* BitBunkerTests.xctest */,
				83221F761E4D227000308C81 /* BitBunkerUITests.xctest */,
			);
			name = Products;
			sourceTree = "<group>";
		};
		83221F591E4D227000308C81 /* BitBunker */ = {
			isa = PBXGroup;
			children = (
				83221F5A1E4D227000308C81 /* AppDelegate.swift */,
				83221F5C1E4D227000308C81 /* EditorViewController.swift */,
				83BA5FCD1E78EAB900C364E3 /* KeyboardManager.swift */,
				83BA5FC91E78BDB300C364E3 /* VaultListViewController.swift */,
				83BA5FCB1E78C5FC00C364E3 /* VaultListCollectionViewCell.swift */,
				83221F881E4D256400308C81 /* BitAPI.swift */,
				83C1DDF91E7770E30010BE3A /* String+AES.swift */,
				83221F5E1E4D227000308C81 /* Main.storyboard */,
				83221F611E4D227000308C81 /* Assets.xcassets */,
				83221F631E4D227000308C81 /* LaunchScreen.storyboard */,
				83221F661E4D227000308C81 /* Info.plist */,
			);
			path = BitBunker;
			sourceTree = "<group>";
		};
		83221F6E1E4D227000308C81 /* BitBunkerTests */ = {
			isa = PBXGroup;
			children = (
				83221F6F1E4D227000308C81 /* BitBunkerTests.swift */,
				83221F711E4D227000308C81 /* Info.plist */,
			);
			path = BitBunkerTests;
			sourceTree = "<group>";
		};
		83221F791E4D227000308C81 /* BitBunkerUITests */ = {
			isa = PBXGroup;
			children = (
				83221F7A1E4D227000308C81 /* BitBunkerUITests.swift */,
				83221F7C1E4D227000308C81 /* Info.plist */,
			);
			path = BitBunkerUITests;
			sourceTree = "<group>";
		};
		EF2736F5EC7808552D3E52AB /* Frameworks */ = {
			isa = PBXGroup;
			children = (
				2DC1959E776BDFA4F03115C2 /* Pods_BitBunker.framework */,
				18F36A4881F2DF67B42E7995 /* Pods_BitBunkerTests.framework */,
				4BF3CCBD4788C1D28D58DC2E /* Pods_BitBunkerUITests.framework */,
			);
			name = Frameworks;
			sourceTree = "<group>";
		};
/* End PBXGroup section */

/* Begin PBXNativeTarget section */
		83221F561E4D226F00308C81 /* BitBunker */ = {
			isa = PBXNativeTarget;
			buildConfigurationList = 83221F7F1E4D227000308C81 /* Build configuration list for PBXNativeTarget "BitBunker" */;
			buildPhases = (
				D59709D7EE71FC2BCCD079F2 /* [CP] Check Pods Manifest.lock */,
				83221F531E4D226F00308C81 /* Sources */,
				83221F541E4D226F00308C81 /* Frameworks */,
				83221F551E4D226F00308C81 /* Resources */,
				8BEC7F06F42EAB7C76939E9D /* [CP] Embed Pods Frameworks */,
				B762A7628F15D15932F614C7 /* [CP] Copy Pods Resources */,
			);
			buildRules = (
			);
			dependencies = (
			);
			name = BitBunker;
			productName = BitBunker;
			productReference = 83221F571E4D227000308C81 /* BitBunker.app */;
			productType = "com.apple.product-type.application";
		};
		83221F6A1E4D227000308C81 /* BitBunkerTests */ = {
			isa = PBXNativeTarget;
			buildConfigurationList = 83221F821E4D227000308C81 /* Build configuration list for PBXNativeTarget "BitBunkerTests" */;
			buildPhases = (
				4980F625D36B0B5BCB64543C /* [CP] Check Pods Manifest.lock */,
				83221F671E4D227000308C81 /* Sources */,
				83221F681E4D227000308C81 /* Frameworks */,
				83221F691E4D227000308C81 /* Resources */,
				191B8A1E613E683CBD178DFB /* [CP] Embed Pods Frameworks */,
				45860B0583A9475E63F429C6 /* [CP] Copy Pods Resources */,
			);
			buildRules = (
			);
			dependencies = (
				83221F6D1E4D227000308C81 /* PBXTargetDependency */,
			);
			name = BitBunkerTests;
			productName = BitBunkerTests;
			productReference = 83221F6B1E4D227000308C81 /* BitBunkerTests.xctest */;
			productType = "com.apple.product-type.bundle.unit-test";
		};
		83221F751E4D227000308C81 /* BitBunkerUITests */ = {
			isa = PBXNativeTarget;
			buildConfigurationList = 83221F851E4D227000308C81 /* Build configuration list for PBXNativeTarget "BitBunkerUITests" */;
			buildPhases = (
				35FB5C0C412BC51C907086ED /* [CP] Check Pods Manifest.lock */,
				83221F721E4D227000308C81 /* Sources */,
				83221F731E4D227000308C81 /* Frameworks */,
				83221F741E4D227000308C81 /* Resources */,
				40B451F5EE661ED1E8E572BA /* [CP] Embed Pods Frameworks */,
				6C9AA5376628F463308CCBAA /* [CP] Copy Pods Resources */,
			);
			buildRules = (
			);
			dependencies = (
				83221F781E4D227000308C81 /* PBXTargetDependency */,
			);
			name = BitBunkerUITests;
			productName = BitBunkerUITests;
			productReference = 83221F761E4D227000308C81 /* BitBunkerUITests.xctest */;
			productType = "com.apple.product-type.bundle.ui-testing";
		};
/* End PBXNativeTarget section */

/* Begin PBXProject section */
		83221F4F1E4D226F00308C81 /* Project object */ = {
			isa = PBXProject;
			attributes = {
				LastSwiftUpdateCheck = 0820;
				LastUpgradeCheck = 0820;
				ORGANIZATIONNAME = CacheMoney;
				TargetAttributes = {
					83221F561E4D226F00308C81 = {
						CreatedOnToolsVersion = 8.2.1;
						DevelopmentTeam = DGUKNK322A;
						ProvisioningStyle = Automatic;
					};
					83221F6A1E4D227000308C81 = {
						CreatedOnToolsVersion = 8.2.1;
						ProvisioningStyle = Automatic;
						TestTargetID = 83221F561E4D226F00308C81;
					};
					83221F751E4D227000308C81 = {
						CreatedOnToolsVersion = 8.2.1;
						ProvisioningStyle = Automatic;
						TestTargetID = 83221F561E4D226F00308C81;
					};
				};
			};
			buildConfigurationList = 83221F521E4D226F00308C81 /* Build configuration list for PBXProject "BitBunker" */;
			compatibilityVersion = "Xcode 3.2";
			developmentRegion = English;
			hasScannedForEncodings = 0;
			knownRegions = (
				en,
				Base,
			);
			mainGroup = 83221F4E1E4D226F00308C81;
			productRefGroup = 83221F581E4D227000308C81 /* Products */;
			projectDirPath = "";
			projectRoot = "";
			targets = (
				83221F561E4D226F00308C81 /* BitBunker */,
				83221F6A1E4D227000308C81 /* BitBunkerTests */,
				83221F751E4D227000308C81 /* BitBunkerUITests */,
			);
		};
/* End PBXProject section */

/* Begin PBXResourcesBuildPhase section */
		83221F551E4D226F00308C81 /* Resources */ = {
			isa = PBXResourcesBuildPhase;
			buildActionMask = 2147483647;
			files = (
				83221F651E4D227000308C81 /* LaunchScreen.storyboard in Resources */,
				83221F621E4D227000308C81 /* Assets.xcassets in Resources */,
				83221F601E4D227000308C81 /* Main.storyboard in Resources */,
			);
			runOnlyForDeploymentPostprocessing = 0;
		};
		83221F691E4D227000308C81 /* Resources */ = {
			isa = PBXResourcesBuildPhase;
			buildActionMask = 2147483647;
			files = (
			);
			runOnlyForDeploymentPostprocessing = 0;
		};
		83221F741E4D227000308C81 /* Resources */ = {
			isa = PBXResourcesBuildPhase;
			buildActionMask = 2147483647;
			files = (
			);
			runOnlyForDeploymentPostprocessing = 0;
		};
/* End PBXResourcesBuildPhase section */

/* Begin PBXShellScriptBuildPhase section */
		191B8A1E613E683CBD178DFB /* [CP] Embed Pods Frameworks */ = {
			isa = PBXShellScriptBuildPhase;
			buildActionMask = 2147483647;
			files = (
			);
			inputPaths = (
			);
			name = "[CP] Embed Pods Frameworks";
			outputPaths = (
			);
			runOnlyForDeploymentPostprocessing = 0;
			shellPath = /bin/sh;
			shellScript = "\"${SRCROOT}/Pods/Target Support Files/Pods-BitBunkerTests/Pods-BitBunkerTests-frameworks.sh\"\n";
			showEnvVarsInLog = 0;
		};
		35FB5C0C412BC51C907086ED /* [CP] Check Pods Manifest.lock */ = {
			isa = PBXShellScriptBuildPhase;
			buildActionMask = 2147483647;
			files = (
			);
			inputPaths = (
			);
			name = "[CP] Check Pods Manifest.lock";
			outputPaths = (
			);
			runOnlyForDeploymentPostprocessing = 0;
			shellPath = /bin/sh;
			shellScript = "diff \"${PODS_ROOT}/../Podfile.lock\" \"${PODS_ROOT}/Manifest.lock\" > /dev/null\nif [ $? != 0 ] ; then\n    # print error to STDERR\n    echo \"error: The sandbox is not in sync with the Podfile.lock. Run 'pod install' or update your CocoaPods installation.\" >&2\n    exit 1\nfi\n";
			showEnvVarsInLog = 0;
		};
		40B451F5EE661ED1E8E572BA /* [CP] Embed Pods Frameworks */ = {
			isa = PBXShellScriptBuildPhase;
			buildActionMask = 2147483647;
			files = (
			);
			inputPaths = (
			);
			name = "[CP] Embed Pods Frameworks";
			outputPaths = (
			);
			runOnlyForDeploymentPostprocessing = 0;
			shellPath = /bin/sh;
			shellScript = "\"${SRCROOT}/Pods/Target Support Files/Pods-BitBunkerUITests/Pods-BitBunkerUITests-frameworks.sh\"\n";
			showEnvVarsInLog = 0;
		};
		45860B0583A9475E63F429C6 /* [CP] Copy Pods Resources */ = {
			isa = PBXShellScriptBuildPhase;
			buildActionMask = 2147483647;
			files = (
			);
			inputPaths = (
			);
			name = "[CP] Copy Pods Resources";
			outputPaths = (
			);
			runOnlyForDeploymentPostprocessing = 0;
			shellPath = /bin/sh;
			shellScript = "\"${SRCROOT}/Pods/Target Support Files/Pods-BitBunkerTests/Pods-BitBunkerTests-resources.sh\"\n";
			showEnvVarsInLog = 0;
		};
		4980F625D36B0B5BCB64543C /* [CP] Check Pods Manifest.lock */ = {
			isa = PBXShellScriptBuildPhase;
			buildActionMask = 2147483647;
			files = (
			);
			inputPaths = (
			);
			name = "[CP] Check Pods Manifest.lock";
			outputPaths = (
			);
			runOnlyForDeploymentPostprocessing = 0;
			shellPath = /bin/sh;
			shellScript = "diff \"${PODS_ROOT}/../Podfile.lock\" \"${PODS_ROOT}/Manifest.lock\" > /dev/null\nif [ $? != 0 ] ; then\n    # print error to STDERR\n    echo \"error: The sandbox is not in sync with the Podfile.lock. Run 'pod install' or update your CocoaPods installation.\" >&2\n    exit 1\nfi\n";
			showEnvVarsInLog = 0;
		};
		6C9AA5376628F463308CCBAA /* [CP] Copy Pods Resources */ = {
			isa = PBXShellScriptBuildPhase;
			buildActionMask = 2147483647;
			files = (
			);
			inputPaths = (
			);
			name = "[CP] Copy Pods Resources";
			outputPaths = (
			);
			runOnlyForDeploymentPostprocessing = 0;
			shellPath = /bin/sh;
			shellScript = "\"${SRCROOT}/Pods/Target Support Files/Pods-BitBunkerUITests/Pods-BitBunkerUITests-resources.sh\"\n";
			showEnvVarsInLog = 0;
		};
		8BEC7F06F42EAB7C76939E9D /* [CP] Embed Pods Frameworks */ = {
			isa = PBXShellScriptBuildPhase;
			buildActionMask = 2147483647;
			files = (
			);
			inputPaths = (
			);
			name = "[CP] Embed Pods Frameworks";
			outputPaths = (
			);
			runOnlyForDeploymentPostprocessing = 0;
			shellPath = /bin/sh;
			shellScript = "\"${SRCROOT}/Pods/Target Support Files/Pods-BitBunker/Pods-BitBunker-frameworks.sh\"\n";
			showEnvVarsInLog = 0;
		};
		B762A7628F15D15932F614C7 /* [CP] Copy Pods Resources */ = {
			isa = PBXShellScriptBuildPhase;
			buildActionMask = 2147483647;
			files = (
			);
			inputPaths = (
			);
			name = "[CP] Copy Pods Resources";
			outputPaths = (
			);
			runOnlyForDeploymentPostprocessing = 0;
			shellPath = /bin/sh;
			shellScript = "\"${SRCROOT}/Pods/Target Support Files/Pods-BitBunker/Pods-BitBunker-resources.sh\"\n";
			showEnvVarsInLog = 0;
		};
		D59709D7EE71FC2BCCD079F2 /* [CP] Check Pods Manifest.lock */ = {
			isa = PBXShellScriptBuildPhase;
			buildActionMask = 2147483647;
			files = (
			);
			inputPaths = (
			);
			name = "[CP] Check Pods Manifest.lock";
			outputPaths = (
			);
			runOnlyForDeploymentPostprocessing = 0;
			shellPath = /bin/sh;
			shellScript = "diff \"${PODS_ROOT}/../Podfile.lock\" \"${PODS_ROOT}/Manifest.lock\" > /dev/null\nif [ $? != 0 ] ; then\n    # print error to STDERR\n    echo \"error: The sandbox is not in sync with the Podfile.lock. Run 'pod install' or update your CocoaPods installation.\" >&2\n    exit 1\nfi\n";
			showEnvVarsInLog = 0;
		};
/* End PBXShellScriptBuildPhase section */

/* Begin PBXSourcesBuildPhase section */
		83221F531E4D226F00308C81 /* Sources */ = {
			isa = PBXSourcesBuildPhase;
			buildActionMask = 2147483647;
			files = (
				83BA5FCA1E78BDB300C364E3 /* VaultListViewController.swift in Sources */,
				83221F5D1E4D227000308C81 /* EditorViewController.swift in Sources */,
				83221F5B1E4D227000308C81 /* AppDelegate.swift in Sources */,
				83C1DDFA1E7770E30010BE3A /* String+AES.swift in Sources */,
				83221F891E4D256400308C81 /* BitAPI.swift in Sources */,
				83BA5FCE1E78EABA00C364E3 /* KeyboardManager.swift in Sources */,
				83BA5FCC1E78C5FC00C364E3 /* VaultListCollectionViewCell.swift in Sources */,
			);
			runOnlyForDeploymentPostprocessing = 0;
		};
		83221F671E4D227000308C81 /* Sources */ = {
			isa = PBXSourcesBuildPhase;
			buildActionMask = 2147483647;
			files = (
				83221F701E4D227000308C81 /* BitBunkerTests.swift in Sources */,
			);
			runOnlyForDeploymentPostprocessing = 0;
		};
		83221F721E4D227000308C81 /* Sources */ = {
			isa = PBXSourcesBuildPhase;
			buildActionMask = 2147483647;
			files = (
				83221F7B1E4D227000308C81 /* BitBunkerUITests.swift in Sources */,
			);
			runOnlyForDeploymentPostprocessing = 0;
		};
/* End PBXSourcesBuildPhase section */

/* Begin PBXTargetDependency section */
		83221F6D1E4D227000308C81 /* PBXTargetDependency */ = {
			isa = PBXTargetDependency;
			target = 83221F561E4D226F00308C81 /* BitBunker */;
			targetProxy = 83221F6C1E4D227000308C81 /* PBXContainerItemProxy */;
		};
		83221F781E4D227000308C81 /* PBXTargetDependency */ = {
			isa = PBXTargetDependency;
			target = 83221F561E4D226F00308C81 /* BitBunker */;
			targetProxy = 83221F771E4D227000308C81 /* PBXContainerItemProxy */;
		};
/* End PBXTargetDependency section */

/* Begin PBXVariantGroup section */
		83221F5E1E4D227000308C81 /* Main.storyboard */ = {
			isa = PBXVariantGroup;
			children = (
				83221F5F1E4D227000308C81 /* Base */,
			);
			name = Main.storyboard;
			sourceTree = "<group>";
		};
		83221F631E4D227000308C81 /* LaunchScreen.storyboard */ = {
			isa = PBXVariantGroup;
			children = (
				83221F641E4D227000308C81 /* Base */,
			);
			name = LaunchScreen.storyboard;
			sourceTree = "<group>";
		};
/* End PBXVariantGroup section */

/* Begin XCBuildConfiguration section */
		83221F7D1E4D227000308C81 /* Debug */ = {
			isa = XCBuildConfiguration;
			buildSettings = {
				ALWAYS_SEARCH_USER_PATHS = NO;
				CLANG_ANALYZER_NONNULL = YES;
				CLANG_CXX_LANGUAGE_STANDARD = "gnu++0x";
				CLANG_CXX_LIBRARY = "libc++";
				CLANG_ENABLE_MODULES = YES;
				CLANG_ENABLE_OBJC_ARC = YES;
				CLANG_WARN_BOOL_CONVERSION = YES;
				CLANG_WARN_CONSTANT_CONVERSION = YES;
				CLANG_WARN_DIRECT_OBJC_ISA_USAGE = YES_ERROR;
				CLANG_WARN_DOCUMENTATION_COMMENTS = YES;
				CLANG_WARN_EMPTY_BODY = YES;
				CLANG_WARN_ENUM_CONVERSION = YES;
				CLANG_WARN_INFINITE_RECURSION = YES;
				CLANG_WARN_INT_CONVERSION = YES;
				CLANG_WARN_OBJC_ROOT_CLASS = YES_ERROR;
				CLANG_WARN_SUSPICIOUS_MOVE = YES;
				CLANG_WARN_UNREACHABLE_CODE = YES;
				CLANG_WARN__DUPLICATE_METHOD_MATCH = YES;
				"CODE_SIGN_IDENTITY[sdk=iphoneos*]" = "iPhone Developer";
				COPY_PHASE_STRIP = NO;
				DEBUG_INFORMATION_FORMAT = dwarf;
				ENABLE_STRICT_OBJC_MSGSEND = YES;
				ENABLE_TESTABILITY = YES;
				GCC_C_LANGUAGE_STANDARD = gnu99;
				GCC_DYNAMIC_NO_PIC = NO;
				GCC_NO_COMMON_BLOCKS = YES;
				GCC_OPTIMIZATION_LEVEL = 0;
				GCC_PREPROCESSOR_DEFINITIONS = (
					"DEBUG=1",
					"$(inherited)",
				);
				GCC_WARN_64_TO_32_BIT_CONVERSION = YES;
				GCC_WARN_ABOUT_RETURN_TYPE = YES_ERROR;
				GCC_WARN_UNDECLARED_SELECTOR = YES;
				GCC_WARN_UNINITIALIZED_AUTOS = YES_AGGRESSIVE;
				GCC_WARN_UNUSED_FUNCTION = YES;
				GCC_WARN_UNUSED_VARIABLE = YES;
				IPHONEOS_DEPLOYMENT_TARGET = 10.2;
				MTL_ENABLE_DEBUG_INFO = YES;
				ONLY_ACTIVE_ARCH = YES;
				SDKROOT = iphoneos;
				SWIFT_ACTIVE_COMPILATION_CONDITIONS = DEBUG;
				SWIFT_OPTIMIZATION_LEVEL = "-Onone";
			};
			name = Debug;
		};
		83221F7E1E4D227000308C81 /* Release */ = {
			isa = XCBuildConfiguration;
			buildSettings = {
				ALWAYS_SEARCH_USER_PATHS = NO;
				CLANG_ANALYZER_NONNULL = YES;
				CLANG_CXX_LANGUAGE_STANDARD = "gnu++0x";
				CLANG_CXX_LIBRARY = "libc++";
				CLANG_ENABLE_MODULES = YES;
				CLANG_ENABLE_OBJC_ARC = YES;
				CLANG_WARN_BOOL_CONVERSION = YES;
				CLANG_WARN_CONSTANT_CONVERSION = YES;
				CLANG_WARN_DIRECT_OBJC_ISA_USAGE = YES_ERROR;
				CLANG_WARN_DOCUMENTATION_COMMENTS = YES;
				CLANG_WARN_EMPTY_BODY = YES;
				CLANG_WARN_ENUM_CONVERSION = YES;
				CLANG_WARN_INFINITE_RECURSION = YES;
				CLANG_WARN_INT_CONVERSION = YES;
				CLANG_WARN_OBJC_ROOT_CLASS = YES_ERROR;
				CLANG_WARN_SUSPICIOUS_MOVE = YES;
				CLANG_WARN_UNREACHABLE_CODE = YES;
				CLANG_WARN__DUPLICATE_METHOD_MATCH = YES;
				"CODE_SIGN_IDENTITY[sdk=iphoneos*]" = "iPhone Developer";
				COPY_PHASE_STRIP = NO;
				DEBUG_INFORMATION_FORMAT = "dwarf-with-dsym";
				ENABLE_NS_ASSERTIONS = NO;
				ENABLE_STRICT_OBJC_MSGSEND = YES;
				GCC_C_LANGUAGE_STANDARD = gnu99;
				GCC_NO_COMMON_BLOCKS = YES;
				GCC_WARN_64_TO_32_BIT_CONVERSION = YES;
				GCC_WARN_ABOUT_RETURN_TYPE = YES_ERROR;
				GCC_WARN_UNDECLARED_SELECTOR = YES;
				GCC_WARN_UNINITIALIZED_AUTOS = YES_AGGRESSIVE;
				GCC_WARN_UNUSED_FUNCTION = YES;
				GCC_WARN_UNUSED_VARIABLE = YES;
				IPHONEOS_DEPLOYMENT_TARGET = 10.2;
				MTL_ENABLE_DEBUG_INFO = NO;
				SDKROOT = iphoneos;
				SWIFT_OPTIMIZATION_LEVEL = "-Owholemodule";
				VALIDATE_PRODUCT = YES;
			};
			name = Release;
		};
		83221F801E4D227000308C81 /* Debug */ = {
			isa = XCBuildConfiguration;
			baseConfigurationReference = 7B61DEBD2DC3FBCCCBA6463A /* Pods-BitBunker.debug.xcconfig */;
			buildSettings = {
				ASSETCATALOG_COMPILER_APPICON_NAME = AppIcon;
				DEVELOPMENT_TEAM = DGUKNK322A;
				INFOPLIST_FILE = BitBunker/Info.plist;
				LD_RUNPATH_SEARCH_PATHS = "$(inherited) @executable_path/Frameworks";
				PRODUCT_BUNDLE_IDENTIFIER = uclacsm117.BitBunker;
				PRODUCT_NAME = "$(TARGET_NAME)";
				SWIFT_VERSION = 3.0;
			};
			name = Debug;
		};
		83221F811E4D227000308C81 /* Release */ = {
			isa = XCBuildConfiguration;
			baseConfigurationReference = A5F68A1759985FA6E3337250 /* Pods-BitBunker.release.xcconfig */;
			buildSettings = {
				ASSETCATALOG_COMPILER_APPICON_NAME = AppIcon;
				DEVELOPMENT_TEAM = DGUKNK322A;
				INFOPLIST_FILE = BitBunker/Info.plist;
				LD_RUNPATH_SEARCH_PATHS = "$(inherited) @executable_path/Frameworks";
				PRODUCT_BUNDLE_IDENTIFIER = uclacsm117.BitBunker;
				PRODUCT_NAME = "$(TARGET_NAME)";
				SWIFT_VERSION = 3.0;
			};
			name = Release;
		};
		83221F831E4D227000308C81 /* Debug */ = {
			isa = XCBuildConfiguration;
			baseConfigurationReference = 3D28B9B41F99E0A2BCEB8674 /* Pods-BitBunkerTests.debug.xcconfig */;
			buildSettings = {
				ALWAYS_EMBED_SWIFT_STANDARD_LIBRARIES = YES;
				BUNDLE_LOADER = "$(TEST_HOST)";
				INFOPLIST_FILE = BitBunkerTests/Info.plist;
				LD_RUNPATH_SEARCH_PATHS = "$(inherited) @executable_path/Frameworks @loader_path/Frameworks";
				PRODUCT_BUNDLE_IDENTIFIER = uclacsm117.BitBunkerTests;
				PRODUCT_NAME = "$(TARGET_NAME)";
				SWIFT_VERSION = 3.0;
				TEST_HOST = "$(BUILT_PRODUCTS_DIR)/BitBunker.app/BitBunker";
			};
			name = Debug;
		};
		83221F841E4D227000308C81 /* Release */ = {
			isa = XCBuildConfiguration;
			baseConfigurationReference = 1A550FA852086F6E8E806C51 /* Pods-BitBunkerTests.release.xcconfig */;
			buildSettings = {
				ALWAYS_EMBED_SWIFT_STANDARD_LIBRARIES = YES;
				BUNDLE_LOADER = "$(TEST_HOST)";
				INFOPLIST_FILE = BitBunkerTests/Info.plist;
				LD_RUNPATH_SEARCH_PATHS = "$(inherited) @executable_path/Frameworks @loader_path/Frameworks";
				PRODUCT_BUNDLE_IDENTIFIER = uclacsm117.BitBunkerTests;
				PRODUCT_NAME = "$(TARGET_NAME)";
				SWIFT_VERSION = 3.0;
				TEST_HOST = "$(BUILT_PRODUCTS_DIR)/BitBunker.app/BitBunker";
			};
			name = Release;
		};
		83221F861E4D227000308C81 /* Debug */ = {
			isa = XCBuildConfiguration;
			baseConfigurationReference = 183EF46CE1A4048A29B2BB9A /* Pods-BitBunkerUITests.debug.xcconfig */;
			buildSettings = {
				ALWAYS_EMBED_SWIFT_STANDARD_LIBRARIES = YES;
				INFOPLIST_FILE = BitBunkerUITests/Info.plist;
				LD_RUNPATH_SEARCH_PATHS = "$(inherited) @executable_path/Frameworks @loader_path/Frameworks";
				PRODUCT_BUNDLE_IDENTIFIER = uclacsm117.BitBunkerUITests;
				PRODUCT_NAME = "$(TARGET_NAME)";
				SWIFT_VERSION = 3.0;
				TEST_TARGET_NAME = BitBunker;
			};
			name = Debug;
		};
		83221F871E4D227000308C81 /* Release */ = {
			isa = XCBuildConfiguration;
			baseConfigurationReference = 4E9A3336AA16AF9158076C4F /* Pods-BitBunkerUITests.release.xcconfig */;
			buildSettings = {
				ALWAYS_EMBED_SWIFT_STANDARD_LIBRARIES = YES;
				INFOPLIST_FILE = BitBunkerUITests/Info.plist;
				LD_RUNPATH_SEARCH_PATHS = "$(inherited) @executable_path/Frameworks @loader_path/Frameworks";
				PRODUCT_BUNDLE_IDENTIFIER = uclacsm117.BitBunkerUITests;
				PRODUCT_NAME = "$(TARGET_NAME)";
				SWIFT_VERSION = 3.0;
				TEST_TARGET_NAME = BitBunker;
			};
			name = Release;
		};
/* End XCBuildConfiguration section */

/* Begin XCConfigurationList section */
		83221F521E4D226F00308C81 /* Build configuration list for PBXProject "BitBunker" */ = {
			isa = XCConfigurationList;
			buildConfigurations = (
				83221F7D1E4D227000308C81 /* Debug */,
				83221F7E1E4D227000308C81 /* Release */,
			);
			defaultConfigurationIsVisible = 0;
			defaultConfigurationName = Release;
		};
		83221F7F1E4D227000308C81 /* Build configuration list for PBXNativeTarget "BitBunker" */ = {
			isa = XCConfigurationList;
			buildConfigurations = (
				83221F801E4D227000308C81 /* Debug */,
				83221F811E4D227000308C81 /* Release */,
			);
			defaultConfigurationIsVisible = 0;
			defaultConfigurationName = Release;
		};
		83221F821E4D227000308C81 /* Build configuration list for PBXNativeTarget "BitBunkerTests" */ = {
			isa = XCConfigurationList;
			buildConfigurations = (
				83221F831E4D227000308C81 /* Debug */,
				83221F841E4D227000308C81 /* Release */,
			);
			defaultConfigurationIsVisible = 0;
			defaultConfigurationName = Release;
		};
		83221F851E4D227000308C81 /* Build configuration list for PBXNativeTarget "BitBunkerUITests" */ = {
			isa = XCConfigurationList;
			buildConfigurations = (
				83221F861E4D227000308C81 /* Debug */,
				83221F871E4D227000308C81 /* Release */,
			);
			defaultConfigurationIsVisible = 0;
			defaultConfigurationName = Release;
		};
/* End XCConfigurationList section */
	};
	rootObject = 83221F4F1E4D226F00308C81 /* Project object */;
}
